// !$*UTF8*$!
{
	archiveVersion = 1;
	classes = {
	};
	objectVersion = 46;
	objects = {

/* Begin PBXBuildFile section */
		A685DE721C5EDB8300821E22 /* AppDelegate.swift in Sources */ = {isa = PBXBuildFile; fileRef = A685DE711C5EDB8300821E22 /* AppDelegate.swift */; };
		A685DE741C5EDB8300821E22 /* ViewController.swift in Sources */ = {isa = PBXBuildFile; fileRef = A685DE731C5EDB8300821E22 /* ViewController.swift */; };
		A685DE771C5EDB8300821E22 /* Main.storyboard in Resources */ = {isa = PBXBuildFile; fileRef = A685DE751C5EDB8300821E22 /* Main.storyboard */; };
		A685DE791C5EDB8300821E22 /* Assets.xcassets in Resources */ = {isa = PBXBuildFile; fileRef = A685DE781C5EDB8300821E22 /* Assets.xcassets */; };
		A685DE7C1C5EDB8300821E22 /* LaunchScreen.storyboard in Resources */ = {isa = PBXBuildFile; fileRef = A685DE7A1C5EDB8300821E22 /* LaunchScreen.storyboard */; };
		A685DE871C5EDB8300821E22 /* MultiplesTests.swift in Sources */ = {isa = PBXBuildFile; fileRef = A685DE861C5EDB8300821E22 /* MultiplesTests.swift */; };
/* End PBXBuildFile section */

/* Begin PBXContainerItemProxy section */
		A685DE831C5EDB8300821E22 /* PBXContainerItemProxy */ = {
			isa = PBXContainerItemProxy;
			containerPortal = A685DE661C5EDB8300821E22 /* Project object */;
			proxyType = 1;
			remoteGlobalIDString = A685DE6D1C5EDB8300821E22;
			remoteInfo = Multiples;
		};
/* End PBXContainerItemProxy section */

/* Begin PBXFileReference section */
		A685DE6E1C5EDB8300821E22 /* Multiples.app */ = {isa = PBXFileReference; explicitFileType = wrapper.application; includeInIndex = 0; path = Multiples.app; sourceTree = BUILT_PRODUCTS_DIR; };
		A685DE711C5EDB8300821E22 /* AppDelegate.swift */ = {isa = PBXFileReference; lastKnownFileType = sourcecode.swift; path = AppDelegate.swift; sourceTree = "<group>"; };
		A685DE731C5EDB8300821E22 /* ViewController.swift */ = {isa = PBXFileReference; lastKnownFileType = sourcecode.swift; path = ViewController.swift; sourceTree = "<group>"; };
		A685DE761C5EDB8300821E22 /* Base */ = {isa = PBXFileReference; lastKnownFileType = file.storyboard; name = Base; path = Base.lproj/Main.storyboard; sourceTree = "<group>"; };
		A685DE781C5EDB8300821E22 /* Assets.xcassets */ = {isa = PBXFileReference; lastKnownFileType = folder.assetcatalog; path = Assets.xcassets; sourceTree = "<group>"; };
		A685DE7B1C5EDB8300821E22 /* Base */ = {isa = PBXFileReference; lastKnownFileType = file.storyboard; name = Base; path = Base.lproj/LaunchScreen.storyboard; sourceTree = "<group>"; };
		A685DE7D1C5EDB8300821E22 /* Info.plist */ = {isa = PBXFileReference; lastKnownFileType = text.plist.xml; path = Info.plist; sourceTree = "<group>"; };
		A685DE821C5EDB8300821E22 /* MultiplesTests.xctest */ = {isa = PBXFileReference; explicitFileType = wrapper.cfbundle; includeInIndex = 0; path = MultiplesTests.xctest; sourceTree = BUILT_PRODUCTS_DIR; };
		A685DE861C5EDB8300821E22 /* MultiplesTests.swift */ = {isa = PBXFileReference; lastKnownFileType = sourcecode.swift; path = MultiplesTests.swift; sourceTree = "<group>"; };
		A685DE881C5EDB8300821E22 /* Info.plist */ = {isa = PBXFileReference; lastKnownFileType = text.plist.xml; path = Info.plist; sourceTree = "<group>"; };
/* End PBXFileReference section */

/* Begin PBXFrameworksBuildPhase section */
		A685DE6B1C5EDB8300821E22 /* Frameworks */ = {
			isa = PBXFrameworksBuildPhase;
			buildActionMask = 2147483647;
			files = (
			);
			runOnlyForDeploymentPostprocessing = 0;
		};
		A685DE7F1C5EDB8300821E22 /* Frameworks */ = {
			isa = PBXFrameworksBuildPhase;
			buildActionMask = 2147483647;
			files = (
			);
			runOnlyForDeploymentPostprocessing = 0;
		};
/* End PBXFrameworksBuildPhase section */

/* Begin PBXGroup section */
		A685DE651C5EDB8300821E22 = {
			isa = PBXGroup;
			children = (
				A685DE701C5EDB8300821E22 /* Multiples */,
				A685DE851C5EDB8300821E22 /* MultiplesTests */,
				A685DE6F1C5EDB8300821E22 /* Products */,
			);
			sourceTree = "<group>";
		};
		A685DE6F1C5EDB8300821E22 /* Products */ = {
			isa = PBXGroup;
			children = (
				A685DE6E1C5EDB8300821E22 /* Multiples.app */,
				A685DE821C5EDB8300821E22 /* MultiplesTests.xctest */,
			);
			name = Products;
			sourceTree = "<group>";
		};
		A685DE701C5EDB8300821E22 /* Multiples */ = {
			isa = PBXGroup;
			children = (
				A685DE711C5EDB8300821E22 /* AppDelegate.swift */,
				A685DE731C5EDB8300821E22 /* ViewController.swift */,
				A685DE751C5EDB8300821E22 /* Main.storyboard */,
				A685DE781C5EDB8300821E22 /* Assets.xcassets */,
				A685DE7A1C5EDB8300821E22 /* LaunchScreen.storyboard */,
				A685DE7D1C5EDB8300821E22 /* Info.plist */,
			);
			path = Multiples;
			sourceTree = "<group>";
		};
		A685DE851C5EDB8300821E22 /* MultiplesTests */ = {
			isa = PBXGroup;
			children = (
				A685DE861C5EDB8300821E22 /* MultiplesTests.swift */,
				A685DE881C5EDB8300821E22 /* Info.plist */,
			);
			path = MultiplesTests;
			sourceTree = "<group>";
		};
/* End PBXGroup section */

/* Begin PBXNativeTarget section */
		A685DE6D1C5EDB8300821E22 /* Multiples */ = {
			isa = PBXNativeTarget;
			buildConfigurationList = A685DE8B1C5EDB8300821E22 /* Build configuration list for PBXNativeTarget "Multiples" */;
			buildPhases = (
				A685DE6A1C5EDB8300821E22 /* Sources */,
				A685DE6B1C5EDB8300821E22 /* Frameworks */,
				A685DE6C1C5EDB8300821E22 /* Resources */,
			);
			buildRules = (
			);
			dependencies = (
			);
			name = Multiples;
			productName = Multiples;
			productReference = A685DE6E1C5EDB8300821E22 /* Multiples.app */;
			productType = "com.apple.product-type.application";
		};
		A685DE811C5EDB8300821E22 /* MultiplesTests */ = {
			isa = PBXNativeTarget;
			buildConfigurationList = A685DE8E1C5EDB8300821E22 /* Build configuration list for PBXNativeTarget "MultiplesTests" */;
			buildPhases = (
				A685DE7E1C5EDB8300821E22 /* Sources */,
				A685DE7F1C5EDB8300821E22 /* Frameworks */,
				A685DE801C5EDB8300821E22 /* Resources */,
			);
			buildRules = (
			);
			dependencies = (
				A685DE841C5EDB8300821E22 /* PBXTargetDependency */,
			);
			name = MultiplesTests;
			productName = MultiplesTests;
			productReference = A685DE821C5EDB8300821E22 /* MultiplesTests.xctest */;
			productType = "com.apple.product-type.bundle.unit-test";
		};
/* End PBXNativeTarget section */

/* Begin PBXProject section */
		A685DE661C5EDB8300821E22 /* Project object */ = {
			isa = PBXProject;
			attributes = {
				LastSwiftUpdateCheck = 0720;
				LastUpgradeCheck = 0720;
				ORGANIZATIONNAME = "Eric Klose";
				TargetAttributes = {
					A685DE6D1C5EDB8300821E22 = {
						CreatedOnToolsVersion = 7.2;
						DevelopmentTeam = W7W8PTYZHX;
					};
					A685DE811C5EDB8300821E22 = {
						CreatedOnToolsVersion = 7.2;
						DevelopmentTeam = W7W8PTYZHX;
						TestTargetID = A685DE6D1C5EDB8300821E22;
					};
				};
			};
			buildConfigurationList = A685DE691C5EDB8300821E22 /* Build configuration list for PBXProject "Multiples" */;
			compatibilityVersion = "Xcode 3.2";
			developmentRegion = English;
			hasScannedForEncodings = 0;
			knownRegions = (
				en,
				Base,
			);
			mainGroup = A685DE651C5EDB8300821E22;
			productRefGroup = A685DE6F1C5EDB8300821E22 /* Products */;
			projectDirPath = "";
			projectRoot = "";
			targets = (
				A685DE6D1C5EDB8300821E22 /* Multiples */,
				A685DE811C5EDB8300821E22 /* MultiplesTests */,
			);
		};
/* End PBXProject section */

/* Begin PBXResourcesBuildPhase section */
		A685DE6C1C5EDB8300821E22 /* Resources */ = {
			isa = PBXResourcesBuildPhase;
			buildActionMask = 2147483647;
			files = (
				A685DE7C1C5EDB8300821E22 /* LaunchScreen.storyboard in Resources */,
				A685DE791C5EDB8300821E22 /* Assets.xcassets in Resources */,
				A685DE771C5EDB8300821E22 /* Main.storyboard in Resources */,
			);
			runOnlyForDeploymentPostprocessing = 0;
		};
		A685DE801C5EDB8300821E22 /* Resources */ = {
			isa = PBXResourcesBuildPhase;
			buildActionMask = 2147483647;
			files = (
			);
			runOnlyForDeploymentPostprocessing = 0;
		};
/* End PBXResourcesBuildPhase section */

/* Begin PBXSourcesBuildPhase section */
		A685DE6A1C5EDB8300821E22 /* Sources */ = {
			isa = PBXSourcesBuildPhase;
			buildActionMask = 2147483647;
			files = (
				A685DE741C5EDB8300821E22 /* ViewController.swift in Sources */,
				A685DE721C5EDB8300821E22 /* AppDelegate.swift in Sources */,
			);
			runOnlyForDeploymentPostprocessing = 0;
		};
		A685DE7E1C5EDB8300821E22 /* Sources */ = {
			isa = PBXSourcesBuildPhase;
			buildActionMask = 2147483647;
			files = (
				A685DE871C5EDB8300821E22 /* MultiplesTests.swift in Sources */,
			);
			runOnlyForDeploymentPostprocessing = 0;
		};
/* End PBXSourcesBuildPhase section */

/* Begin PBXTargetDependency section */
		A685DE841C5EDB8300821E22 /* PBXTargetDependency */ = {
			isa = PBXTargetDependency;
			target = A685DE6D1C5EDB8300821E22 /* Multiples */;
			targetProxy = A685DE831C5EDB8300821E22 /* PBXContainerItemProxy */;
		};
/* End PBXTargetDependency section */

/* Begin PBXVariantGroup section */
		A685DE751C5EDB8300821E22 /* Main.storyboard */ = {
			isa = PBXVariantGroup;
			children = (
				A685DE761C5EDB8300821E22 /* Base */,
			);
			name = Main.storyboard;
			sourceTree = "<group>";
		};
		A685DE7A1C5EDB8300821E22 /* LaunchScreen.storyboard */ = {
			isa = PBXVariantGroup;
			children = (
				A685DE7B1C5EDB8300821E22 /* Base */,
			);
			name = LaunchScreen.storyboard;
			sourceTree = "<group>";
		};
/* End PBXVariantGroup section */

/* Begin XCBuildConfiguration section */
		A685DE891C5EDB8300821E22 /* Debug */ = {
			isa = XCBuildConfiguration;
			buildSettings = {
				ALWAYS_SEARCH_USER_PATHS = NO;
				CLANG_CXX_LANGUAGE_STANDARD = "gnu++0x";
				CLANG_CXX_LIBRARY = "libc++";
				CLANG_ENABLE_MODULES = YES;
				CLANG_ENABLE_OBJC_ARC = YES;
				CLANG_WARN_BOOL_CONVERSION = YES;
				CLANG_WARN_CONSTANT_CONVERSION = YES;
				CLANG_WARN_DIRECT_OBJC_ISA_USAGE = YES_ERROR;
				CLANG_WARN_EMPTY_BODY = YES;
				CLANG_WARN_ENUM_CONVERSION = YES;
				CLANG_WARN_INT_CONVERSION = YES;
				CLANG_WARN_OBJC_ROOT_CLASS = YES_ERROR;
				CLANG_WARN_UNREACHABLE_CODE = YES;
				CLANG_WARN__DUPLICATE_METHOD_MATCH = YES;
				"CODE_SIGN_IDENTITY[sdk=iphoneos*]" = "iPhone Developer";
				COPY_PHASE_STRIP = NO;
				DEBUG_INFORMATION_FORMAT = dwarf;
				ENABLE_STRICT_OBJC_MSGSEND = YES;
				ENABLE_TESTABILITY = YES;
				GCC_C_LANGUAGE_STANDARD = gnu99;
				GCC_DYNAMIC_NO_PIC = NO;
				GCC_NO_COMMON_BLOCKS = YES;
				GCC_OPTIMIZATION_LEVEL = 0;
				GCC_PREPROCESSOR_DEFINITIONS = (
					"DEBUG=1",
					"$(inherited)",
				);
				GCC_WARN_64_TO_32_BIT_CONVERSION = YES;
				GCC_WARN_ABOUT_RETURN_TYPE = YES_ERROR;
				GCC_WARN_UNDECLARED_SELECTOR = YES;
				GCC_WARN_UNINITIALIZED_AUTOS = YES_AGGRESSIVE;
				GCC_WARN_UNUSED_FUNCTION = YES;
				GCC_WARN_UNUSED_VARIABLE = YES;
				IPHONEOS_DEPLOYMENT_TARGET = 9.2;
				MTL_ENABLE_DEBUG_INFO = YES;
				ONLY_ACTIVE_ARCH = YES;
				SDKROOT = iphoneos;
				SWIFT_OPTIMIZATION_LEVEL = "-Onone";
			};
			name = Debug;
		};
		A685DE8A1C5EDB8300821E22 /* Release */ = {
			isa = XCBuildConfiguration;
			buildSettings = {
				ALWAYS_SEARCH_USER_PATHS = NO;
				CLANG_CXX_LANGUAGE_STANDARD = "gnu++0x";
				CLANG_CXX_LIBRARY = "libc++";
				CLANG_ENABLE_MODULES = YES;
				CLANG_ENABLE_OBJC_ARC = YES;
				CLANG_WARN_BOOL_CONVERSION = YES;
				CLANG_WARN_CONSTANT_CONVERSION = YES;
				CLANG_WARN_DIRECT_OBJC_ISA_USAGE = YES_ERROR;
				CLANG_WARN_EMPTY_BODY = YES;
				CLANG_WARN_ENUM_CONVERSION = YES;
				CLANG_WARN_INT_CONVERSION = YES;
				CLANG_WARN_OBJC_ROOT_CLASS = YES_ERROR;
				CLANG_WARN_UNREACHABLE_CODE = YES;
				CLANG_WARN__DUPLICATE_METHOD_MATCH = YES;
				"CODE_SIGN_IDENTITY[sdk=iphoneos*]" = "iPhone Developer";
				COPY_PHASE_STRIP = NO;
				DEBUG_INFORMATION_FORMAT = "dwarf-with-dsym";
				ENABLE_NS_ASSERTIONS = NO;
				ENABLE_STRICT_OBJC_MSGSEND = YES;
				GCC_C_LANGUAGE_STANDARD = gnu99;
				GCC_NO_COMMON_BLOCKS = YES;
				GCC_WARN_64_TO_32_BIT_CONVERSION = YES;
				GCC_WARN_ABOUT_RETURN_TYPE = YES_ERROR;
				GCC_WARN_UNDECLARED_SELECTOR = YES;
				GCC_WARN_UNINITIALIZED_AUTOS = YES_AGGRESSIVE;
				GCC_WARN_UNUSED_FUNCTION = YES;
				GCC_WARN_UNUSED_VARIABLE = YES;
				IPHONEOS_DEPLOYMENT_TARGET = 9.2;
				MTL_ENABLE_DEBUG_INFO = NO;
				SDKROOT = iphoneos;
				VALIDATE_PRODUCT = YES;
			};
			name = Release;
		};
		A685DE8C1C5EDB8300821E22 /* Debug */ = {
			isa = XCBuildConfiguration;
			buildSettings = {
				ASSETCATALOG_COMPILER_APPICON_NAME = AppIcon;
				INFOPLIST_FILE = Multiples/Info.plist;
				LD_RUNPATH_SEARCH_PATHS = "$(inherited) @executable_path/Frameworks";
				PRODUCT_BUNDLE_IDENTIFIER = "com.example.Multiples-app-example";
				PRODUCT_NAME = "$(TARGET_NAME)";
			};
			name = Debug;
		};
		A685DE8D1C5EDB8300821E22 /* Release */ = {
			isa = XCBuildConfiguration;
			buildSettings = {
				ASSETCATALOG_COMPILER_APPICON_NAME = AppIcon;
				INFOPLIST_FILE = Multiples/Info.plist;
				LD_RUNPATH_SEARCH_PATHS = "$(inherited) @executable_path/Frameworks";
				PRODUCT_BUNDLE_IDENTIFIER = "com.example.Multiples-app-example";
				PRODUCT_NAME = "$(TARGET_NAME)";
			};
			name = Release;
		};
		A685DE8F1C5EDB8300821E22 /* Debug */ = {
			isa = XCBuildConfiguration;
			buildSettings = {
				BUNDLE_LOADER = "$(TEST_HOST)";
				INFOPLIST_FILE = MultiplesTests/Info.plist;
				LD_RUNPATH_SEARCH_PATHS = "$(inherited) @executable_path/Frameworks @loader_path/Frameworks";
				PRODUCT_BUNDLE_IDENTIFIER = com.example.MultiplesTests;
				PRODUCT_NAME = "$(TARGET_NAME)";
				TEST_HOST = "$(BUILT_PRODUCTS_DIR)/Multiples.app/Multiples";
			};
			name = Debug;
		};
		A685DE901C5EDB8300821E22 /* Release */ = {
			isa = XCBuildConfiguration;
			buildSettings = {
				BUNDLE_LOADER = "$(TEST_HOST)";
				INFOPLIST_FILE = MultiplesTests/Info.plist;
				LD_RUNPATH_SEARCH_PATHS = "$(inherited) @executable_path/Frameworks @loader_path/Frameworks";
				PRODUCT_BUNDLE_IDENTIFIER = com.example.MultiplesTests;
				PRODUCT_NAME = "$(TARGET_NAME)";
				TEST_HOST = "$(BUILT_PRODUCTS_DIR)/Multiples.app/Multiples";
			};
			name = Release;
		};
/* End XCBuildConfiguration section */

/* Begin XCConfigurationList section */
		A685DE691C5EDB8300821E22 /* Build configuration list for PBXProject "Multiples" */ = {
			isa = XCConfigurationList;
			buildConfigurations = (
				A685DE891C5EDB8300821E22 /* Debug */,
				A685DE8A1C5EDB8300821E22 /* Release */,
			);
			defaultConfigurationIsVisible = 0;
			defaultConfigurationName = Release;
		};
		A685DE8B1C5EDB8300821E22 /* Build configuration list for PBXNativeTarget "Multiples" */ = {
			isa = XCConfigurationList;
			buildConfigurations = (
				A685DE8C1C5EDB8300821E22 /* Debug */,
				A685DE8D1C5EDB8300821E22 /* Release */,
			);
			defaultConfigurationIsVisible = 0;
		};
		A685DE8E1C5EDB8300821E22 /* Build configuration list for PBXNativeTarget "MultiplesTests" */ = {
			isa = XCConfigurationList;
			buildConfigurations = (
				A685DE8F1C5EDB8300821E22 /* Debug */,
				A685DE901C5EDB8300821E22 /* Release */,
			);
			defaultConfigurationIsVisible = 0;
		};
/* End XCConfigurationList section */
	};
	rootObject = A685DE661C5EDB8300821E22 /* Project object */;
}
